// !$*UTF8*$!
{
	archiveVersion = 1;
	classes = {
	};
	objectVersion = 77;
	objects = {

/* Begin PBXBuildFile section */
		0D7ECB1405BAFEFC7681DE74 /* ProductsView.swift in Sources */      = {isa = PBXBuildFile; fileRef = 6607A6FA8D5D9C5644F18CAF /* ProductsView.swift */; };
		15DB9D50E0DB1E01E93523E0 /* SettingsView.swift in Sources */       = {isa = PBXBuildFile; fileRef = DD53A45D7BCAE7E5A1690A7F /* SettingsView.swift */; };
		169D55B36BA2B19A3403AF8D /* SettingsViewModel.swift in Sources */  = {isa = PBXBuildFile; fileRef = AAD46AF22B29931D742619CD /* SettingsViewModel.swift */; };
		2A8C0370A1C3C06063EE3A15 /* EditProductView.swift in Sources */    = {isa = PBXBuildFile; fileRef = CD640E2CADD1B78F00542354 /* EditProductView.swift */; };
		2D772652AC3C61FBF524E81C /* Product.swift in Sources */            = {isa = PBXBuildFile; fileRef = 33D7BEC7AF38EF03CF7D1D35 /* Product.swift */; };
		32AC52C257A4A439561BC22E /* PrivacyInfo.xcprivacy in Resources */  = {isa = PBXBuildFile; fileRef = 9AFE91934948A81943F4FC37 /* PrivacyInfo.xcprivacy */; };
		40DB8E59A1D17946A1D48E5E /* PriceTrackerApp.swift in Sources */    = {isa = PBXBuildFile; fileRef = 0C5844CC2634E441CF86332B /* PriceTrackerApp.swift */; };
		58CF033A3E97E3DFCE96B79A /* PriceCheckService.swift in Sources */  = {isa = PBXBuildFile; fileRef = 6065B79B7285D8300B6F0870 /* PriceCheckService.swift */; };
		A4545951FE3BFDA11988E434 /* ProductRowView.swift in Sources */     = {isa = PBXBuildFile; fileRef = B643C36A7860F8F061248D2D /* ProductRowView.swift */; };
		BB0D889757BD6727F6B1E156 /* ContentView.swift in Sources */        = {isa = PBXBuildFile; fileRef = 6C6C6A9D59F86B19AEC25BF6 /* ContentView.swift */; };
		C1B8A3B54AD2F9B4D8189604 /* NotificationService.swift in Sources */ = {isa = PBXBuildFile; fileRef = 7A0B470375A9ABC1BB9AEE32 /* NotificationService.swift */; };
		D75F7B8A3D852F2080E3AA9B /* ProductsViewModel.swift in Sources */  = {isa = PBXBuildFile; fileRef = DFA9C55F1AA93EC52F2C9719 /* ProductsViewModel.swift */; };
		FFC601831161D32D4AB8C91E /* AddProductView.swift in Sources */     = {isa = PBXBuildFile; fileRef = 441BDB5770C62710CDDC06CB /* AddProductView.swift */; };
		AA0022222222222222222222 /* LocalStorageService.swift in Sources */ = {isa = PBXBuildFile; fileRef = AA0011111111111111111111 /* LocalStorageService.swift */; };
		BB0022222222222222222222 /* WebScraperService.swift in Sources */  = {isa = PBXBuildFile; fileRef = BB0011111111111111111111 /* WebScraperService.swift */; };
		CC0022222222222222222222 /* SplashView.swift in Sources */         = {isa = PBXBuildFile; fileRef = CC0011111111111111111111 /* SplashView.swift */; };
		DD0022222222222222222222 /* AdService.swift in Sources */          = {isa = PBXBuildFile; fileRef = DD0011111111111111111111 /* AdService.swift */; };
		EE0022222222222222222222 /* BannerAdView.swift in Sources */       = {isa = PBXBuildFile; fileRef = EE0011111111111111111111 /* BannerAdView.swift */; };
		FA5D55534200F3CF1A0C6571 /* GoogleMobileAds in Frameworks */       = {isa = PBXBuildFile; productRef = 85CFE666D8804411CA99C5A2 /* GoogleMobileAds */; };
		FF0022222222222222222222 /* GoogleUserMessagingPlatform in Frameworks */ = {isa = PBXBuildFile; productRef = FF0011111111111111111111 /* GoogleUserMessagingPlatform */; };
		A100BBBBBBBBBBBBBBBBBBB1 /* Assets.xcassets in Resources */        = {isa = PBXBuildFile; fileRef = A100AAAAAAAAAAAAAAAAAAA1 /* Assets.xcassets */; };
/* End PBXBuildFile section */

/* Begin PBXFileReference section */
		0C5844CC2634E441CF86332B /* PriceTrackerApp.swift */   = {isa = PBXFileReference; lastKnownFileType = sourcecode.swift; path = PriceTrackerApp.swift; sourceTree = "<group>"; };
		33D7BEC7AF38EF03CF7D1D35 /* Product.swift */           = {isa = PBXFileReference; lastKnownFileType = sourcecode.swift; path = Product.swift; sourceTree = "<group>"; };
		441BDB5770C62710CDDC06CB /* AddProductView.swift */    = {isa = PBXFileReference; lastKnownFileType = sourcecode.swift; path = AddProductView.swift; sourceTree = "<group>"; };
		6065B79B7285D8300B6F0870 /* PriceCheckService.swift */ = {isa = PBXFileReference; lastKnownFileType = sourcecode.swift; path = PriceCheckService.swift; sourceTree = "<group>"; };
		6607A6FA8D5D9C5644F18CAF /* ProductsView.swift */      = {isa = PBXFileReference; lastKnownFileType = sourcecode.swift; path = ProductsView.swift; sourceTree = "<group>"; };
		6C6C6A9D59F86B19AEC25BF6 /* ContentView.swift */       = {isa = PBXFileReference; lastKnownFileType = sourcecode.swift; path = ContentView.swift; sourceTree = "<group>"; };
		7A0B470375A9ABC1BB9AEE32 /* NotificationService.swift */ = {isa = PBXFileReference; lastKnownFileType = sourcecode.swift; path = NotificationService.swift; sourceTree = "<group>"; };
		9AFE91934948A81943F4FC37 /* PrivacyInfo.xcprivacy */   = {isa = PBXFileReference; path = PrivacyInfo.xcprivacy; sourceTree = "<group>"; };
		AAD46AF22B29931D742619CD /* SettingsViewModel.swift */ = {isa = PBXFileReference; lastKnownFileType = sourcecode.swift; path = SettingsViewModel.swift; sourceTree = "<group>"; };
		B643C36A7860F8F061248D2D /* ProductRowView.swift */    = {isa = PBXFileReference; lastKnownFileType = sourcecode.swift; path = ProductRowView.swift; sourceTree = "<group>"; };
		CD640E2CADD1B78F00542354 /* EditProductView.swift */   = {isa = PBXFileReference; lastKnownFileType = sourcecode.swift; path = EditProductView.swift; sourceTree = "<group>"; };
		DC663077C24AC25291022742 /* PriceTracker.app */        = {isa = PBXFileReference; includeInIndex = 0; lastKnownFileType = wrapper.application; path = PriceTracker.app; sourceTree = BUILT_PRODUCTS_DIR; };
		DD53A45D7BCAE7E5A1690A7F /* SettingsView.swift */      = {isa = PBXFileReference; lastKnownFileType = sourcecode.swift; path = SettingsView.swift; sourceTree = "<group>"; };
		DFA9C55F1AA93EC52F2C9719 /* ProductsViewModel.swift */ = {isa = PBXFileReference; lastKnownFileType = sourcecode.swift; path = ProductsViewModel.swift; sourceTree = "<group>"; };
		AA0011111111111111111111 /* LocalStorageService.swift */ = {isa = PBXFileReference; lastKnownFileType = sourcecode.swift; path = LocalStorageService.swift; sourceTree = "<group>"; };
		BB0011111111111111111111 /* WebScraperService.swift */ = {isa = PBXFileReference; lastKnownFileType = sourcecode.swift; path = WebScraperService.swift; sourceTree = "<group>"; };
		CC0011111111111111111111 /* SplashView.swift */        = {isa = PBXFileReference; lastKnownFileType = sourcecode.swift; path = SplashView.swift; sourceTree = "<group>"; };
		DD0011111111111111111111 /* AdService.swift */         = {isa = PBXFileReference; lastKnownFileType = sourcecode.swift; path = AdService.swift; sourceTree = "<group>"; };
		EE0011111111111111111111 /* BannerAdView.swift */      = {isa = PBXFileReference; lastKnownFileType = sourcecode.swift; path = BannerAdView.swift; sourceTree = "<group>"; };
		A100AAAAAAAAAAAAAAAAAAA1 /* Assets.xcassets */         = {isa = PBXFileReference; lastKnownFileType = folder.assetcatalog; path = Assets.xcassets; sourceTree = "<group>"; };
/* End PBXFileReference section */

/* Begin PBXFrameworksBuildPhase section */
		AD147B95505020EBBA3BC1FD /* Frameworks */ = {
			isa = PBXFrameworksBuildPhase;
			buildActionMask = 2147483647;
			files = (
				FA5D55534200F3CF1A0C6571 /* GoogleMobileAds in Frameworks */,
				FF0022222222222222222222 /* GoogleUserMessagingPlatform in Frameworks */,
			);
			runOnlyForDeploymentPostprocessing = 0;
		};
/* End PBXFrameworksBuildPhase section */

/* Begin PBXGroup section */
		2F7A25A9D4429B86A18B0204 /* Models */ = {
			isa = PBXGroup;
			children = (
				33D7BEC7AF38EF03CF7D1D35 /* Product.swift */,
			);
			path = Models;
			sourceTree = "<group>";
		};
		6C85C791076831DF87969A68 = {
			isa = PBXGroup;
			children = (
				EBD965E8533486D56D1FC0B4 /* PriceTracker */,
				A100CCCCCCCCCCCCCCCCCCCC /* Resources */,
				CD5100BF2FF28F69600A9C91 /* Products */,
			);
			sourceTree = "<group>";
		};
		989C44303084C1D52C900B64 /* ViewModels */ = {
			isa = PBXGroup;
			children = (
				DFA9C55F1AA93EC52F2C9719 /* ProductsViewModel.swift */,
				AAD46AF22B29931D742619CD /* SettingsViewModel.swift */,
			);
			path = ViewModels;
			sourceTree = "<group>";
		};
		A100CCCCCCCCCCCCCCCCCCCC /* Resources */ = {
			isa = PBXGroup;
			children = (
				A100AAAAAAAAAAAAAAAAAAA1 /* Assets.xcassets */,
			);
			name = Resources;
			path = Resources;
			sourceTree = "<group>";
		};
		CD5100BF2FF28F69600A9C91 /* Products */ = {
			isa = PBXGroup;
			children = (
				DC663077C24AC25291022742 /* PriceTracker.app */,
			);
			name = Products;
			sourceTree = "<group>";
		};
		E17872D056F186E369294C4C /* Services */ = {
			isa = PBXGroup;
			children = (
				7A0B470375A9ABC1BB9AEE32 /* NotificationService.swift */,
				6065B79B7285D8300B6F0870 /* PriceCheckService.swift */,
				AA0011111111111111111111 /* LocalStorageService.swift */,
				BB0011111111111111111111 /* WebScraperService.swift */,
				DD0011111111111111111111 /* AdService.swift */,
			);
			path = Services;
			sourceTree = "<group>";
		};
		EBD965E8533486D56D1FC0B4 /* PriceTracker */ = {
			isa = PBXGroup;
			children = (
				6C6C6A9D59F86B19AEC25BF6 /* ContentView.swift */,
				0C5844CC2634E441CF86332B /* PriceTrackerApp.swift */,
				9AFE91934948A81943F4FC37 /* PrivacyInfo.xcprivacy */,
				2F7A25A9D4429B86A18B0204 /* Models */,
				E17872D056F186E369294C4C /* Services */,
				989C44303084C1D52C900B64 /* ViewModels */,
				F0B0A32DEAD074CD8C5895D9 /* Views */,
			);
			name = PriceTracker;
			path = Sources/PriceTracker;
			sourceTree = "<group>";
		};
		F0B0A32DEAD074CD8C5895D9 /* Views */ = {
			isa = PBXGroup;
			children = (
				441BDB5770C62710CDDC06CB /* AddProductView.swift */,
				EE0011111111111111111111 /* BannerAdView.swift */,
				CD640E2CADD1B78F00542354 /* EditProductView.swift */,
				B643C36A7860F8F061248D2D /* ProductRowView.swift */,
				6607A6FA8D5D9C5644F18CAF /* ProductsView.swift */,
				DD53A45D7BCAE7E5A1690A7F /* SettingsView.swift */,
				CC0011111111111111111111 /* SplashView.swift */,
			);
			path = Views;
			sourceTree = "<group>";
		};
/* End PBXGroup section */

/* Begin PBXNativeTarget section */
		173B7F91213A04015483F754 /* PriceTracker */ = {
			isa = PBXNativeTarget;
			buildConfigurationList = BBA3A64EA7D888406A98E0F6 /* Build configuration list for PBXNativeTarget "PriceTracker" */;
			buildPhases = (
				0E9868431320623C02FC61BA /* Sources */,
				3145CC7894117C372462D93A /* Resources */,
				AD147B95505020EBBA3BC1FD /* Frameworks */,
			);
			buildRules = ();
			dependencies = ();
			name = PriceTracker;
			packageProductDependencies = (
				85CFE666D8804411CA99C5A2 /* GoogleMobileAds */,
				FF0011111111111111111111 /* GoogleUserMessagingPlatform */,
			);
			productName = PriceTracker;
			productReference = DC663077C24AC25291022742 /* PriceTracker.app */;
			productType = "com.apple.product-type.application";
		};
/* End PBXNativeTarget section */

/* Begin PBXProject section */
		98012A32567C7BB86E1D1EA1 /* Project object */ = {
			isa = PBXProject;
			attributes = {
				BuildIndependentTargetsInParallel = YES;
				LastUpgradeCheck = 1430;
				TargetAttributes = {};
			};
			buildConfigurationList = C2E5723335A11DF209E576F5 /* Build configuration list for PBXProject "PriceTracker" */;
			developmentRegion = en;
			hasScannedForEncodings = 0;
			knownRegions = (Base, en);
			mainGroup = 6C85C791076831DF87969A68;
			minimizedProjectReferenceProxies = 1;
			packageReferences = (
				A70FB583D144AA69B7B73D27 /* XCRemoteSwiftPackageReference "swift-package-manager-google-mobile-ads" */,
				A70FB583D144AA69B7B73D28 /* XCRemoteSwiftPackageReference "swift-package-manager-google-user-messaging-platform" */,
			);
			preferredProjectObjectVersion = 77;
			projectDirPath = "";
			projectRoot = "";
			targets = (
				173B7F91213A04015483F754 /* PriceTracker */,
			);
		};
/* End PBXProject section */

/* Begin PBXResourcesBuildPhase section */
		3145CC7894117C372462D93A /* Resources */ = {
			isa = PBXResourcesBuildPhase;
			buildActionMask = 2147483647;
			files = (
				32AC52C257A4A439561BC22E /* PrivacyInfo.xcprivacy in Resources */,
				A100BBBBBBBBBBBBBBBBBBB1 /* Assets.xcassets in Resources */,
			);
			runOnlyForDeploymentPostprocessing = 0;
		};
/* End PBXResourcesBuildPhase section */

/* Begin PBXSourcesBuildPhase section */
		0E9868431320623C02FC61BA /* Sources */ = {
			isa = PBXSourcesBuildPhase;
			buildActionMask = 2147483647;
			files = (
				DD0022222222222222222222 /* AdService.swift in Sources */,
				FFC601831161D32D4AB8C91E /* AddProductView.swift in Sources */,
				EE0022222222222222222222 /* BannerAdView.swift in Sources */,
				BB0D889757BD6727F6B1E156 /* ContentView.swift in Sources */,
				2A8C0370A1C3C06063EE3A15 /* EditProductView.swift in Sources */,
				AA0022222222222222222222 /* LocalStorageService.swift in Sources */,
				C1B8A3B54AD2F9B4D8189604 /* NotificationService.swift in Sources */,
				58CF033A3E97E3DFCE96B79A /* PriceCheckService.swift in Sources */,
				40DB8E59A1D17946A1D48E5E /* PriceTrackerApp.swift in Sources */,
				2D772652AC3C61FBF524E81C /* Product.swift in Sources */,
				A4545951FE3BFDA11988E434 /* ProductRowView.swift in Sources */,
				0D7ECB1405BAFEFC7681DE74 /* ProductsView.swift in Sources */,
				D75F7B8A3D852F2080E3AA9B /* ProductsViewModel.swift in Sources */,
				15DB9D50E0DB1E01E93523E0 /* SettingsView.swift in Sources */,
				169D55B36BA2B19A3403AF8D /* SettingsViewModel.swift in Sources */,
				CC0022222222222222222222 /* SplashView.swift in Sources */,
				BB0022222222222222222222 /* WebScraperService.swift in Sources */,
			);
			runOnlyForDeploymentPostprocessing = 0;
		};
/* End PBXSourcesBuildPhase section */

/* Begin XCBuildConfiguration section */
		768E368E27DD17E30CA1A245 /* Release */ = {
			isa = XCBuildConfiguration;
			buildSettings = {
				ALWAYS_SEARCH_USER_PATHS = NO;
				ASSETCATALOG_COMPILER_APPICON_NAME = AppIcon;
				CLANG_ANALYZER_NONNULL = YES;
				CLANG_ENABLE_MODULES = YES;
				CLANG_ENABLE_OBJC_ARC = YES;
				COPY_PHASE_STRIP = NO;
				DEBUG_INFORMATION_FORMAT = "dwarf-with-dsym";
				ENABLE_NS_ASSERTIONS = NO;
				ENABLE_STRICT_OBJC_MSGSEND = YES;
				GCC_C_LANGUAGE_STANDARD = gnu11;
				GCC_NO_COMMON_BLOCKS = YES;
				GCC_WARN_ABOUT_RETURN_TYPE = YES_ERROR;
				IPHONEOS_DEPLOYMENT_TARGET = 16.0;
				MTL_FAST_MATH = YES;
				PRODUCT_NAME = "$(TARGET_NAME)";
				SDKROOT = iphoneos;
				SWIFT_COMPILATION_MODE = wholemodule;
				SWIFT_OPTIMIZATION_LEVEL = "-O";
				SWIFT_VERSION = 5.0;
			};
			name = Release;
		};
		8D9D56862C36A47015C68B94 /* Release */ = {
			isa = XCBuildConfiguration;
			buildSettings = {
				ASSETCATALOG_COMPILER_APPICON_NAME = AppIcon;
				CODE_SIGN_ENTITLEMENTS = PriceTracker.entitlements;
				CODE_SIGN_IDENTITY = "iPhone Developer";
				CURRENT_PROJECT_VERSION = 1;
				GAD_APP_ID = "ca-app-pub-3940256099942544~1458002511";
				INFOPLIST_FILE = Info.plist;
				IPHONEOS_DEPLOYMENT_TARGET = 16.0;
				LD_RUNPATH_SEARCH_PATHS = ("$(inherited)", "@executable_path/Frameworks");
				MARKETING_VERSION = 2.0.0;
				PRODUCT_BUNDLE_IDENTIFIER = com.algorix.pricetracker;
				PRODUCT_DISPLAY_NAME = "Fiyat Takibi";
				SDKROOT = iphoneos;
				SUPPORTED_PLATFORMS = "iphoneos iphonesimulator";
				SUPPORTS_MACCATALYST = NO;
				SWIFT_VERSION = 5.9;
				TARGETED_DEVICE_FAMILY = "1,2";
			};
			name = Release;
		};
		EFFC2404AF16ECEBDCB5B85D /* Debug */ = {
			isa = XCBuildConfiguration;
			buildSettings = {
				ASSETCATALOG_COMPILER_APPICON_NAME = AppIcon;
				ASSETCATALOG_COMPILER_SKIP_APP_STORE_DEPLOYMENT = YES;
				CODE_SIGN_ENTITLEMENTS = PriceTracker.entitlements;
				CODE_SIGN_IDENTITY = "iPhone Developer";
				CURRENT_PROJECT_VERSION = 1;
				ENABLE_ON_DEMAND_RESOURCES = NO;
				GAD_APP_ID = "ca-app-pub-3940256099942544~1458002511";
				INFOPLIST_FILE = Info.plist;
				IPHONEOS_DEPLOYMENT_TARGET = 16.0;
				LD_RUNPATH_SEARCH_PATHS = ("$(inherited)", "@executable_path/Frameworks");
				MARKETING_VERSION = 2.0.0;
				PRODUCT_BUNDLE_IDENTIFIER = com.algorix.pricetracker;
				PRODUCT_DISPLAY_NAME = "Fiyat Takibi";
				SDKROOT = iphoneos;
				SUPPORTED_PLATFORMS = "iphoneos iphonesimulator";
				SUPPORTS_MACCATALYST = NO;
				SWIFT_VERSION = 5.9;
				TARGETED_DEVICE_FAMILY = "1,2";
			};
			name = Debug;
		};
		F02BC8EEF6315DF788CF76D1 /* Debug */ = {
			isa = XCBuildConfiguration;
			buildSettings = {
				ALWAYS_SEARCH_USER_PATHS = NO;
				ASSETCATALOG_COMPILER_APPICON_NAME = AppIcon;
				CLANG_ANALYZER_NONNULL = YES;
				CLANG_ENABLE_MODULES = YES;
				CLANG_ENABLE_OBJC_ARC = YES;
				COPY_PHASE_STRIP = NO;
				DEBUG_INFORMATION_FORMAT = dwarf;
				ENABLE_STRICT_OBJC_MSGSEND = YES;
				ENABLE_TESTABILITY = YES;
				GCC_C_LANGUAGE_STANDARD = gnu11;
				GCC_NO_COMMON_BLOCKS = YES;
				GCC_OPTIMIZATION_LEVEL = 0;
				GCC_PREPROCESSOR_DEFINITIONS = ("$(inherited)", "DEBUG=1");
				GCC_WARN_ABOUT_RETURN_TYPE = YES_ERROR;
				IPHONEOS_DEPLOYMENT_TARGET = 16.0;
				MTL_ENABLE_DEBUG_INFO = INCLUDE_SOURCE;
				MTL_FAST_MATH = YES;
				ONLY_ACTIVE_ARCH = YES;
				PRODUCT_NAME = "$(TARGET_NAME)";
				SDKROOT = iphoneos;
				SUPPORTED_PLATFORMS = "iphoneos iphonesimulator";
				SUPPORTS_MACCATALYST = NO;
				SWIFT_ACTIVE_COMPILATION_CONDITIONS = DEBUG;
				SWIFT_OPTIMIZATION_LEVEL = "-Onone";
				SWIFT_VERSION = 5.0;
			};
			name = Debug;
		};
/* End XCBuildConfiguration section */

/* Begin XCConfigurationList section */
		BBA3A64EA7D888406A98E0F6 /* Build configuration list for PBXNativeTarget "PriceTracker" */ = {
			isa = XCConfigurationList;
			buildConfigurations = (
				EFFC2404AF16ECEBDCB5B85D /* Debug */,
				8D9D56862C36A47015C68B94 /* Release */,
			);
			defaultConfigurationIsVisible = 0;
			defaultConfigurationName = Debug;
		};
		C2E5723335A11DF209E576F5 /* Build configuration list for PBXProject "PriceTracker" */ = {
			isa = XCConfigurationList;
			buildConfigurations = (
				F02BC8EEF6315DF788CF76D1 /* Debug */,
				768E368E27DD17E30CA1A245 /* Release */,
			);
			defaultConfigurationIsVisible = 0;
			defaultConfigurationName = Debug;
		};
/* End XCConfigurationList section */

/* Begin XCRemoteSwiftPackageReference section */
		A70FB583D144AA69B7B73D27 /* XCRemoteSwiftPackageReference "swift-package-manager-google-mobile-ads" */ = {
			isa = XCRemoteSwiftPackageReference;
			repositoryURL = "https://github.com/googleads/swift-package-manager-google-mobile-ads";
			requirement = {
				kind = upToNextMajorVersion;
				minimumVersion = 11.0.0;
			};
		};
		A70FB583D144AA69B7B73D28 /* XCRemoteSwiftPackageReference "swift-package-manager-google-user-messaging-platform" */ = {
			isa = XCRemoteSwiftPackageReference;
			repositoryURL = "https://github.com/googleads/swift-package-manager-google-user-messaging-platform.git";
			requirement = {
				kind = upToNextMajorVersion;
				minimumVersion = 2.0.0;
			};
		};
/* End XCRemoteSwiftPackageReference section */

/* Begin XCSwiftPackageProductDependency section */
		85CFE666D8804411CA99C5A2 /* GoogleMobileAds */ = {
			isa = XCSwiftPackageProductDependency;
			package = A70FB583D144AA69B7B73D27 /* XCRemoteSwiftPackageReference "swift-package-manager-google-mobile-ads" */;
			productName = GoogleMobileAds;
		};
		FF0011111111111111111111 /* GoogleUserMessagingPlatform */ = {
			isa = XCSwiftPackageProductDependency;
			package = A70FB583D144AA69B7B73D28 /* XCRemoteSwiftPackageReference "swift-package-manager-google-user-messaging-platform" */;
			productName = GoogleUserMessagingPlatform;
		};
/* End XCSwiftPackageProductDependency section */
	};
	rootObject = 98012A32567C7BB86E1D1EA1 /* Project object */;
}
